// !$*UTF8*$!
{
	archiveVersion = 1;
	classes = {
	};
	objectVersion = 46;
	objects = {

/* Begin PBXBuildFile section */
		AAFCE4D8FF717F93DC598AF1 /* Pods_Messager.framework in Frameworks */ = {isa = PBXBuildFile; fileRef = B71D973F2452D8AA3445AEC8 /* Pods_Messager.framework */; };
		F70B89F31E80E26D0033F31B /* ChatLogCell.swift in Sources */ = {isa = PBXBuildFile; fileRef = F70B89F21E80E26D0033F31B /* ChatLogCell.swift */; };
		F71249DB1E78D7D30069F38A /* RecentD.swift in Sources */ = {isa = PBXBuildFile; fileRef = F71249DA1E78D7D30069F38A /* RecentD.swift */; };
		F71249DD1E78ECAC0069F38A /* MessageC.swift in Sources */ = {isa = PBXBuildFile; fileRef = F71249DC1E78ECAC0069F38A /* MessageC.swift */; };
		F71249DF1E7918180069F38A /* User.swift in Sources */ = {isa = PBXBuildFile; fileRef = F71249DE1E7918180069F38A /* User.swift */; };
		F73D18F01E84BEDC00960AC4 /* ChatLogA.swift in Sources */ = {isa = PBXBuildFile; fileRef = F73D18EF1E84BEDC00960AC4 /* ChatLogA.swift */; };
		F73E9FA51E75821A00BE4199 /* LoginC.swift in Sources */ = {isa = PBXBuildFile; fileRef = F73E9FA41E75821A00BE4199 /* LoginC.swift */; };
		F7404B471E76830B00F3262C /* GoogleService-Info.plist in Resources */ = {isa = PBXBuildFile; fileRef = F7404B461E76830B00F3262C /* GoogleService-Info.plist */; };
		F746A9A11E7CCEDD008A03D6 /* ChatLogC.swift in Sources */ = {isa = PBXBuildFile; fileRef = F746A9A01E7CCEDD008A03D6 /* ChatLogC.swift */; };
		F746A9A31E7D006A008A03D6 /* SendV.swift in Sources */ = {isa = PBXBuildFile; fileRef = F746A9A21E7D006A008A03D6 /* SendV.swift */; };
		F746A9A51E7D56D3008A03D6 /* Message.swift in Sources */ = {isa = PBXBuildFile; fileRef = F746A9A41E7D56D3008A03D6 /* Message.swift */; };
		F74FF3151E7A38C70007856E /* UserCell.swift in Sources */ = {isa = PBXBuildFile; fileRef = F74FF3141E7A38C70007856E /* UserCell.swift */; };
		F74FF3171E7A4A970007856E /* LoginA.swift in Sources */ = {isa = PBXBuildFile; fileRef = F74FF3161E7A4A970007856E /* LoginA.swift */; };
		F74FF3191E7A4DA00007856E /* HistoryA.swift in Sources */ = {isa = PBXBuildFile; fileRef = F74FF3181E7A4DA00007856E /* HistoryA.swift */; };
		F7765EE11E82B91600E5E8AC /* CellSize.swift in Sources */ = {isa = PBXBuildFile; fileRef = F7765EE01E82B91600E5E8AC /* CellSize.swift */; };
		F78076D11E768AA400378EE5 /* Constants.swift in Sources */ = {isa = PBXBuildFile; fileRef = F78076D01E768AA400378EE5 /* Constants.swift */; };
		F78076D31E77A6A300378EE5 /* Alert.swift in Sources */ = {isa = PBXBuildFile; fileRef = F78076D21E77A6A300378EE5 /* Alert.swift */; };
		F78794881E755C340059ED1D /* AppDelegate.swift in Sources */ = {isa = PBXBuildFile; fileRef = F78794871E755C340059ED1D /* AppDelegate.swift */; };
		F787948A1E755C340059ED1D /* HistoryC.swift in Sources */ = {isa = PBXBuildFile; fileRef = F78794891E755C340059ED1D /* HistoryC.swift */; };
		F787948F1E755C340059ED1D /* Assets.xcassets in Resources */ = {isa = PBXBuildFile; fileRef = F787948E1E755C340059ED1D /* Assets.xcassets */; };
		F78794921E755C340059ED1D /* LaunchScreen.storyboard in Resources */ = {isa = PBXBuildFile; fileRef = F78794901E755C340059ED1D /* LaunchScreen.storyboard */; };
		F799E5E11E763C1E00F45A73 /* LoginV.swift in Sources */ = {isa = PBXBuildFile; fileRef = F799E5E01E763C1E00F45A73 /* LoginV.swift */; };
		F7C9B6B71E7FE2C100FBA437 /* Caching.swift in Sources */ = {isa = PBXBuildFile; fileRef = F7C9B6B61E7FE2C100FBA437 /* Caching.swift */; };
/* End PBXBuildFile section */

/* Begin PBXFileReference section */
		0DC551FCBC14061CAE61250B /* Pods-Messager.debug.xcconfig */ = {isa = PBXFileReference; includeInIndex = 1; lastKnownFileType = text.xcconfig; name = "Pods-Messager.debug.xcconfig"; path = "Pods/Target Support Files/Pods-Messager/Pods-Messager.debug.xcconfig"; sourceTree = "<group>"; };
		B71D973F2452D8AA3445AEC8 /* Pods_Messager.framework */ = {isa = PBXFileReference; explicitFileType = wrapper.framework; includeInIndex = 0; path = Pods_Messager.framework; sourceTree = BUILT_PRODUCTS_DIR; };
		E897F0E5D55AB58F38907DCA /* Pods-Messager.release.xcconfig */ = {isa = PBXFileReference; includeInIndex = 1; lastKnownFileType = text.xcconfig; name = "Pods-Messager.release.xcconfig"; path = "Pods/Target Support Files/Pods-Messager/Pods-Messager.release.xcconfig"; sourceTree = "<group>"; };
		F70B89F21E80E26D0033F31B /* ChatLogCell.swift */ = {isa = PBXFileReference; fileEncoding = 4; lastKnownFileType = sourcecode.swift; path = ChatLogCell.swift; sourceTree = "<group>"; };
		F71249DA1E78D7D30069F38A /* RecentD.swift */ = {isa = PBXFileReference; fileEncoding = 4; lastKnownFileType = sourcecode.swift; path = RecentD.swift; sourceTree = "<group>"; };
		F71249DC1E78ECAC0069F38A /* MessageC.swift */ = {isa = PBXFileReference; fileEncoding = 4; lastKnownFileType = sourcecode.swift; path = MessageC.swift; sourceTree = "<group>"; };
		F71249DE1E7918180069F38A /* User.swift */ = {isa = PBXFileReference; fileEncoding = 4; lastKnownFileType = sourcecode.swift; path = User.swift; sourceTree = "<group>"; };
		F73D18EF1E84BEDC00960AC4 /* ChatLogA.swift */ = {isa = PBXFileReference; fileEncoding = 4; lastKnownFileType = sourcecode.swift; path = ChatLogA.swift; sourceTree = "<group>"; };
		F73E9FA41E75821A00BE4199 /* LoginC.swift */ = {isa = PBXFileReference; fileEncoding = 4; lastKnownFileType = sourcecode.swift; path = LoginC.swift; sourceTree = "<group>"; };
		F7404B461E76830B00F3262C /* GoogleService-Info.plist */ = {isa = PBXFileReference; fileEncoding = 4; lastKnownFileType = text.plist.xml; path = "GoogleService-Info.plist"; sourceTree = "<group>"; };
		F746A9A01E7CCEDD008A03D6 /* ChatLogC.swift */ = {isa = PBXFileReference; fileEncoding = 4; lastKnownFileType = sourcecode.swift; path = ChatLogC.swift; sourceTree = "<group>"; };
		F746A9A21E7D006A008A03D6 /* SendV.swift */ = {isa = PBXFileReference; fileEncoding = 4; lastKnownFileType = sourcecode.swift; path = SendV.swift; sourceTree = "<group>"; };
		F746A9A41E7D56D3008A03D6 /* Message.swift */ = {isa = PBXFileReference; fileEncoding = 4; lastKnownFileType = sourcecode.swift; path = Message.swift; sourceTree = "<group>"; };
		F74FF3141E7A38C70007856E /* UserCell.swift */ = {isa = PBXFileReference; fileEncoding = 4; lastKnownFileType = sourcecode.swift; path = UserCell.swift; sourceTree = "<group>"; };
		F74FF3161E7A4A970007856E /* LoginA.swift */ = {isa = PBXFileReference; fileEncoding = 4; lastKnownFileType = sourcecode.swift; path = LoginA.swift; sourceTree = "<group>"; };
		F74FF3181E7A4DA00007856E /* HistoryA.swift */ = {isa = PBXFileReference; fileEncoding = 4; lastKnownFileType = sourcecode.swift; path = HistoryA.swift; sourceTree = "<group>"; };
		F7765EE01E82B91600E5E8AC /* CellSize.swift */ = {isa = PBXFileReference; fileEncoding = 4; lastKnownFileType = sourcecode.swift; path = CellSize.swift; sourceTree = "<group>"; };
		F78076D01E768AA400378EE5 /* Constants.swift */ = {isa = PBXFileReference; fileEncoding = 4; lastKnownFileType = sourcecode.swift; path = Constants.swift; sourceTree = "<group>"; };
		F78076D21E77A6A300378EE5 /* Alert.swift */ = {isa = PBXFileReference; fileEncoding = 4; lastKnownFileType = sourcecode.swift; path = Alert.swift; sourceTree = "<group>"; };
		F78794841E755C340059ED1D /* Messager.app */ = {isa = PBXFileReference; explicitFileType = wrapper.application; includeInIndex = 0; path = Messager.app; sourceTree = BUILT_PRODUCTS_DIR; };
		F78794871E755C340059ED1D /* AppDelegate.swift */ = {isa = PBXFileReference; lastKnownFileType = sourcecode.swift; path = AppDelegate.swift; sourceTree = "<group>"; };
		F78794891E755C340059ED1D /* HistoryC.swift */ = {isa = PBXFileReference; lastKnownFileType = sourcecode.swift; path = HistoryC.swift; sourceTree = "<group>"; };
		F787948E1E755C340059ED1D /* Assets.xcassets */ = {isa = PBXFileReference; lastKnownFileType = folder.assetcatalog; path = Assets.xcassets; sourceTree = "<group>"; };
		F78794911E755C340059ED1D /* Base */ = {isa = PBXFileReference; lastKnownFileType = file.storyboard; name = Base; path = Base.lproj/LaunchScreen.storyboard; sourceTree = "<group>"; };
		F78794931E755C340059ED1D /* Info.plist */ = {isa = PBXFileReference; lastKnownFileType = text.plist.xml; path = Info.plist; sourceTree = "<group>"; };
		F799E5E01E763C1E00F45A73 /* LoginV.swift */ = {isa = PBXFileReference; fileEncoding = 4; lastKnownFileType = sourcecode.swift; path = LoginV.swift; sourceTree = "<group>"; };
		F7C9B6B61E7FE2C100FBA437 /* Caching.swift */ = {isa = PBXFileReference; fileEncoding = 4; lastKnownFileType = sourcecode.swift; path = Caching.swift; sourceTree = "<group>"; };
/* End PBXFileReference section */

/* Begin PBXFrameworksBuildPhase section */
		F78794811E755C340059ED1D /* Frameworks */ = {
			isa = PBXFrameworksBuildPhase;
			buildActionMask = 2147483647;
			files = (
				AAFCE4D8FF717F93DC598AF1 /* Pods_Messager.framework in Frameworks */,
			);
			runOnlyForDeploymentPostprocessing = 0;
		};
/* End PBXFrameworksBuildPhase section */

/* Begin PBXGroup section */
		2E8365B33331E4CE4A498D81 /* Pods */ = {
			isa = PBXGroup;
			children = (
				0DC551FCBC14061CAE61250B /* Pods-Messager.debug.xcconfig */,
				E897F0E5D55AB58F38907DCA /* Pods-Messager.release.xcconfig */,
			);
			name = Pods;
			sourceTree = "<group>";
		};
		EB3703B85AFA8083B037D160 /* Frameworks */ = {
			isa = PBXGroup;
			children = (
				B71D973F2452D8AA3445AEC8 /* Pods_Messager.framework */,
			);
			name = Frameworks;
			sourceTree = "<group>";
		};
		F71249D91E78D76D0069F38A /* Delegate */ = {
			isa = PBXGroup;
			children = (
				F71249DA1E78D7D30069F38A /* RecentD.swift */,
			);
			name = Delegate;
			sourceTree = "<group>";
		};
		F78076CE1E768A0A00378EE5 /* Utilities */ = {
			isa = PBXGroup;
			children = (
				F78076D01E768AA400378EE5 /* Constants.swift */,
				F78076D21E77A6A300378EE5 /* Alert.swift */,
				F7C9B6B61E7FE2C100FBA437 /* Caching.swift */,
				F7765EE01E82B91600E5E8AC /* CellSize.swift */,
			);
			name = Utilities;
			sourceTree = "<group>";
		};
		F78076CF1E768A1300378EE5 /* Resources */ = {
			isa = PBXGroup;
			children = (
				F7404B461E76830B00F3262C /* GoogleService-Info.plist */,
				F78794901E755C340059ED1D /* LaunchScreen.storyboard */,
				F787948E1E755C340059ED1D /* Assets.xcassets */,
			);
			name = Resources;
			sourceTree = "<group>";
		};
		F787947B1E755C340059ED1D = {
			isa = PBXGroup;
			children = (
				F78794861E755C340059ED1D /* Messager */,
				F78794851E755C340059ED1D /* Products */,
				2E8365B33331E4CE4A498D81 /* Pods */,
				EB3703B85AFA8083B037D160 /* Frameworks */,
			);
			sourceTree = "<group>";
		};
		F78794851E755C340059ED1D /* Products */ = {
			isa = PBXGroup;
			children = (
				F78794841E755C340059ED1D /* Messager.app */,
			);
			name = Products;
			sourceTree = "<group>";
		};
		F78794861E755C340059ED1D /* Messager */ = {
			isa = PBXGroup;
			children = (
				F799E5DF1E763BF800F45A73 /* Model */,
				F799E5DE1E763BF100F45A73 /* View */,
				F78794991E755C390059ED1D /* Controller */,
				F71249D91E78D76D0069F38A /* Delegate */,
				F78794931E755C340059ED1D /* Info.plist */,
				F78794871E755C340059ED1D /* AppDelegate.swift */,
				F78076CF1E768A1300378EE5 /* Resources */,
				F78076CE1E768A0A00378EE5 /* Utilities */,
			);
			path = Messager;
			sourceTree = "<group>";
		};
		F78794991E755C390059ED1D /* Controller */ = {
			isa = PBXGroup;
			children = (
				F73E9FA41E75821A00BE4199 /* LoginC.swift */,
				F74FF3161E7A4A970007856E /* LoginA.swift */,
				F78794891E755C340059ED1D /* HistoryC.swift */,
				F74FF3181E7A4DA00007856E /* HistoryA.swift */,
				F71249DC1E78ECAC0069F38A /* MessageC.swift */,
				F746A9A01E7CCEDD008A03D6 /* ChatLogC.swift */,
				F73D18EF1E84BEDC00960AC4 /* ChatLogA.swift */,
			);
			name = Controller;
			sourceTree = "<group>";
		};
		F799E5DE1E763BF100F45A73 /* View */ = {
			isa = PBXGroup;
			children = (
				F799E5E01E763C1E00F45A73 /* LoginV.swift */,
				F74FF3141E7A38C70007856E /* UserCell.swift */,
				F746A9A21E7D006A008A03D6 /* SendV.swift */,
				F70B89F21E80E26D0033F31B /* ChatLogCell.swift */,
			);
			name = View;
			sourceTree = "<group>";
		};
		F799E5DF1E763BF800F45A73 /* Model */ = {
			isa = PBXGroup;
			children = (
				F71249DE1E7918180069F38A /* User.swift */,
				F746A9A41E7D56D3008A03D6 /* Message.swift */,
			);
			name = Model;
			sourceTree = "<group>";
		};
/* End PBXGroup section */

/* Begin PBXNativeTarget section */
		F78794831E755C340059ED1D /* Messager */ = {
			isa = PBXNativeTarget;
			buildConfigurationList = F78794961E755C340059ED1D /* Build configuration list for PBXNativeTarget "Messager" */;
			buildPhases = (
				79CCA2BE24371950402AA7FB /* [CP] Check Pods Manifest.lock */,
				F78794801E755C340059ED1D /* Sources */,
				F78794811E755C340059ED1D /* Frameworks */,
				F78794821E755C340059ED1D /* Resources */,
				24AED9975958FA7061B5346A /* [CP] Embed Pods Frameworks */,
				015BAFF5E9FF0892C98F8697 /* [CP] Copy Pods Resources */,
			);
			buildRules = (
			);
			dependencies = (
			);
			name = Messager;
			productName = Messager;
			productReference = F78794841E755C340059ED1D /* Messager.app */;
			productType = "com.apple.product-type.application";
		};
/* End PBXNativeTarget section */

/* Begin PBXProject section */
		F787947C1E755C340059ED1D /* Project object */ = {
			isa = PBXProject;
			attributes = {
				LastSwiftUpdateCheck = 0820;
				LastUpgradeCheck = 0820;
				ORGANIZATIONNAME = "Spencer Forrest";
				TargetAttributes = {
					F78794831E755C340059ED1D = {
						CreatedOnToolsVersion = 8.2.1;
						DevelopmentTeam = HT9N5JEKMU;
						ProvisioningStyle = Automatic;
					};
				};
			};
			buildConfigurationList = F787947F1E755C340059ED1D /* Build configuration list for PBXProject "Messager" */;
			compatibilityVersion = "Xcode 3.2";
			developmentRegion = English;
			hasScannedForEncodings = 0;
			knownRegions = (
				en,
				Base,
			);
			mainGroup = F787947B1E755C340059ED1D;
			productRefGroup = F78794851E755C340059ED1D /* Products */;
			projectDirPath = "";
			projectRoot = "";
			targets = (
				F78794831E755C340059ED1D /* Messager */,
			);
		};
/* End PBXProject section */

/* Begin PBXResourcesBuildPhase section */
		F78794821E755C340059ED1D /* Resources */ = {
			isa = PBXResourcesBuildPhase;
			buildActionMask = 2147483647;
			files = (
				F78794921E755C340059ED1D /* LaunchScreen.storyboard in Resources */,
				F787948F1E755C340059ED1D /* Assets.xcassets in Resources */,
				F7404B471E76830B00F3262C /* GoogleService-Info.plist in Resources */,
			);
			runOnlyForDeploymentPostprocessing = 0;
		};
/* End PBXResourcesBuildPhase section */

/* Begin PBXShellScriptBuildPhase section */
		015BAFF5E9FF0892C98F8697 /* [CP] Copy Pods Resources */ = {
			isa = PBXShellScriptBuildPhase;
			buildActionMask = 2147483647;
			files = (
			);
			inputPaths = (
			);
			name = "[CP] Copy Pods Resources";
			outputPaths = (
			);
			runOnlyForDeploymentPostprocessing = 0;
			shellPath = /bin/sh;
			shellScript = "\"${SRCROOT}/Pods/Target Support Files/Pods-Messager/Pods-Messager-resources.sh\"\n";
			showEnvVarsInLog = 0;
		};
		24AED9975958FA7061B5346A /* [CP] Embed Pods Frameworks */ = {
			isa = PBXShellScriptBuildPhase;
			buildActionMask = 2147483647;
			files = (
			);
			inputPaths = (
			);
			name = "[CP] Embed Pods Frameworks";
			outputPaths = (
			);
			runOnlyForDeploymentPostprocessing = 0;
			shellPath = /bin/sh;
			shellScript = "\"${SRCROOT}/Pods/Target Support Files/Pods-Messager/Pods-Messager-frameworks.sh\"\n";
			showEnvVarsInLog = 0;
		};
		79CCA2BE24371950402AA7FB /* [CP] Check Pods Manifest.lock */ = {
			isa = PBXShellScriptBuildPhase;
			buildActionMask = 2147483647;
			files = (
			);
			inputPaths = (
			);
			name = "[CP] Check Pods Manifest.lock";
			outputPaths = (
			);
			runOnlyForDeploymentPostprocessing = 0;
			shellPath = /bin/sh;
			shellScript = "diff \"${PODS_ROOT}/../Podfile.lock\" \"${PODS_ROOT}/Manifest.lock\" > /dev/null\nif [ $? != 0 ] ; then\n    # print error to STDERR\n    echo \"error: The sandbox is not in sync with the Podfile.lock. Run 'pod install' or update your CocoaPods installation.\" >&2\n    exit 1\nfi\n";
			showEnvVarsInLog = 0;
		};
/* End PBXShellScriptBuildPhase section */

/* Begin PBXSourcesBuildPhase section */
		F78794801E755C340059ED1D /* Sources */ = {
			isa = PBXSourcesBuildPhase;
			buildActionMask = 2147483647;
			files = (
				F746A9A31E7D006A008A03D6 /* SendV.swift in Sources */,
				F78076D31E77A6A300378EE5 /* Alert.swift in Sources */,
				F78076D11E768AA400378EE5 /* Constants.swift in Sources */,
				F71249DB1E78D7D30069F38A /* RecentD.swift in Sources */,
				F787948A1E755C340059ED1D /* HistoryC.swift in Sources */,
				F7C9B6B71E7FE2C100FBA437 /* Caching.swift in Sources */,
				F74FF3191E7A4DA00007856E /* HistoryA.swift in Sources */,
				F78794881E755C340059ED1D /* AppDelegate.swift in Sources */,
				F71249DF1E7918180069F38A /* User.swift in Sources */,
				F799E5E11E763C1E00F45A73 /* LoginV.swift in Sources */,
				F71249DD1E78ECAC0069F38A /* MessageC.swift in Sources */,
				F7765EE11E82B91600E5E8AC /* CellSize.swift in Sources */,
				F73D18F01E84BEDC00960AC4 /* ChatLogA.swift in Sources */,
				F74FF3171E7A4A970007856E /* LoginA.swift in Sources */,
				F74FF3151E7A38C70007856E /* UserCell.swift in Sources */,
				F746A9A51E7D56D3008A03D6 /* Message.swift in Sources */,
				F746A9A11E7CCEDD008A03D6 /* ChatLogC.swift in Sources */,
				F73E9FA51E75821A00BE4199 /* LoginC.swift in Sources */,
				F70B89F31E80E26D0033F31B /* ChatLogCell.swift in Sources */,
			);
			runOnlyForDeploymentPostprocessing = 0;
		};
/* End PBXSourcesBuildPhase section */

/* Begin PBXVariantGroup section */
		F78794901E755C340059ED1D /* LaunchScreen.storyboard */ = {
			isa = PBXVariantGroup;
			children = (
				F78794911E755C340059ED1D /* Base */,
			);
			name = LaunchScreen.storyboard;
			sourceTree = "<group>";
		};
/* End PBXVariantGroup section */

/* Begin XCBuildConfiguration section */
		F78794941E755C340059ED1D /* Debug */ = {
			isa = XCBuildConfiguration;
			buildSettings = {
				ALWAYS_SEARCH_USER_PATHS = NO;
				CLANG_ANALYZER_NONNULL = YES;
				CLANG_CXX_LANGUAGE_STANDARD = "gnu++0x";
				CLANG_CXX_LIBRARY = "libc++";
				CLANG_ENABLE_MODULES = YES;
				CLANG_ENABLE_OBJC_ARC = YES;
				CLANG_WARN_BOOL_CONVERSION = YES;
				CLANG_WARN_CONSTANT_CONVERSION = YES;
				CLANG_WARN_DIRECT_OBJC_ISA_USAGE = YES_ERROR;
				CLANG_WARN_DOCUMENTATION_COMMENTS = YES;
				CLANG_WARN_EMPTY_BODY = YES;
				CLANG_WARN_ENUM_CONVERSION = YES;
				CLANG_WARN_INFINITE_RECURSION = YES;
				CLANG_WARN_INT_CONVERSION = YES;
				CLANG_WARN_OBJC_ROOT_CLASS = YES_ERROR;
				CLANG_WARN_SUSPICIOUS_MOVE = YES;
				CLANG_WARN_UNREACHABLE_CODE = YES;
				CLANG_WARN__DUPLICATE_METHOD_MATCH = YES;
				"CODE_SIGN_IDENTITY[sdk=iphoneos*]" = "iPhone Developer";
				COPY_PHASE_STRIP = NO;
				DEBUG_INFORMATION_FORMAT = dwarf;
				ENABLE_STRICT_OBJC_MSGSEND = YES;
				ENABLE_TESTABILITY = YES;
				GCC_C_LANGUAGE_STANDARD = gnu99;
				GCC_DYNAMIC_NO_PIC = NO;
				GCC_NO_COMMON_BLOCKS = YES;
				GCC_OPTIMIZATION_LEVEL = 0;
				GCC_PREPROCESSOR_DEFINITIONS = (
					"DEBUG=1",
					"$(inherited)",
				);
				GCC_WARN_64_TO_32_BIT_CONVERSION = YES;
				GCC_WARN_ABOUT_RETURN_TYPE = YES_ERROR;
				GCC_WARN_UNDECLARED_SELECTOR = YES;
				GCC_WARN_UNINITIALIZED_AUTOS = YES_AGGRESSIVE;
				GCC_WARN_UNUSED_FUNCTION = YES;
				GCC_WARN_UNUSED_VARIABLE = YES;
				IPHONEOS_DEPLOYMENT_TARGET = 10.2;
				MTL_ENABLE_DEBUG_INFO = YES;
				ONLY_ACTIVE_ARCH = YES;
				SDKROOT = iphoneos;
				SWIFT_ACTIVE_COMPILATION_CONDITIONS = DEBUG;
				SWIFT_OPTIMIZATION_LEVEL = "-Onone";
			};
			name = Debug;
		};
		F78794951E755C340059ED1D /* Release */ = {
			isa = XCBuildConfiguration;
			buildSettings = {
				ALWAYS_SEARCH_USER_PATHS = NO;
				CLANG_ANALYZER_NONNULL = YES;
				CLANG_CXX_LANGUAGE_STANDARD = "gnu++0x";
				CLANG_CXX_LIBRARY = "libc++";
				CLANG_ENABLE_MODULES = YES;
				CLANG_ENABLE_OBJC_ARC = YES;
				CLANG_WARN_BOOL_CONVERSION = YES;
				CLANG_WARN_CONSTANT_CONVERSION = YES;
				CLANG_WARN_DIRECT_OBJC_ISA_USAGE = YES_ERROR;
				CLANG_WARN_DOCUMENTATION_COMMENTS = YES;
				CLANG_WARN_EMPTY_BODY = YES;
				CLANG_WARN_ENUM_CONVERSION = YES;
				CLANG_WARN_INFINITE_RECURSION = YES;
				CLANG_WARN_INT_CONVERSION = YES;
				CLANG_WARN_OBJC_ROOT_CLASS = YES_ERROR;
				CLANG_WARN_SUSPICIOUS_MOVE = YES;
				CLANG_WARN_UNREACHABLE_CODE = YES;
				CLANG_WARN__DUPLICATE_METHOD_MATCH = YES;
				"CODE_SIGN_IDENTITY[sdk=iphoneos*]" = "iPhone Developer";
				COPY_PHASE_STRIP = NO;
				DEBUG_INFORMATION_FORMAT = "dwarf-with-dsym";
				ENABLE_NS_ASSERTIONS = NO;
				ENABLE_STRICT_OBJC_MSGSEND = YES;
				GCC_C_LANGUAGE_STANDARD = gnu99;
				GCC_NO_COMMON_BLOCKS = YES;
				GCC_WARN_64_TO_32_BIT_CONVERSION = YES;
				GCC_WARN_ABOUT_RETURN_TYPE = YES_ERROR;
				GCC_WARN_UNDECLARED_SELECTOR = YES;
				GCC_WARN_UNINITIALIZED_AUTOS = YES_AGGRESSIVE;
				GCC_WARN_UNUSED_FUNCTION = YES;
				GCC_WARN_UNUSED_VARIABLE = YES;
				IPHONEOS_DEPLOYMENT_TARGET = 10.2;
				MTL_ENABLE_DEBUG_INFO = NO;
				SDKROOT = iphoneos;
				SWIFT_OPTIMIZATION_LEVEL = "-Owholemodule";
				VALIDATE_PRODUCT = YES;
			};
			name = Release;
		};
		F78794971E755C340059ED1D /* Debug */ = {
			isa = XCBuildConfiguration;
			baseConfigurationReference = 0DC551FCBC14061CAE61250B /* Pods-Messager.debug.xcconfig */;
			buildSettings = {
				ASSETCATALOG_COMPILER_APPICON_NAME = AppIcon;
				DEVELOPMENT_TEAM = HT9N5JEKMU;
				INFOPLIST_FILE = Messager/Info.plist;
				LD_RUNPATH_SEARCH_PATHS = "$(inherited) @executable_path/Frameworks";
				PRODUCT_BUNDLE_IDENTIFIER = com.SpencerForrest.Messager;
				PRODUCT_NAME = "$(TARGET_NAME)";
				SWIFT_VERSION = 3.0;
			};
			name = Debug;
		};
		F78794981E755C340059ED1D /* Release */ = {
			isa = XCBuildConfiguration;
			baseConfigurationReference = E897F0E5D55AB58F38907DCA /* Pods-Messager.release.xcconfig */;
			buildSettings = {
				ASSETCATALOG_COMPILER_APPICON_NAME = AppIcon;
				DEVELOPMENT_TEAM = HT9N5JEKMU;
				INFOPLIST_FILE = Messager/Info.plist;
				LD_RUNPATH_SEARCH_PATHS = "$(inherited) @executable_path/Frameworks";
				PRODUCT_BUNDLE_IDENTIFIER = com.SpencerForrest.Messager;
				PRODUCT_NAME = "$(TARGET_NAME)";
				SWIFT_VERSION = 3.0;
			};
			name = Release;
		};
/* End XCBuildConfiguration section */

/* Begin XCConfigurationList section */
		F787947F1E755C340059ED1D /* Build configuration list for PBXProject "Messager" */ = {
			isa = XCConfigurationList;
			buildConfigurations = (
				F78794941E755C340059ED1D /* Debug */,
				F78794951E755C340059ED1D /* Release */,
			);
			defaultConfigurationIsVisible = 0;
			defaultConfigurationName = Release;
		};
		F78794961E755C340059ED1D /* Build configuration list for PBXNativeTarget "Messager" */ = {
			isa = XCConfigurationList;
			buildConfigurations = (
				F78794971E755C340059ED1D /* Debug */,
				F78794981E755C340059ED1D /* Release */,
			);
			defaultConfigurationIsVisible = 0;
			defaultConfigurationName = Release;
		};
/* End XCConfigurationList section */
	};
	rootObject = F787947C1E755C340059ED1D /* Project object */;
}
